Microsoft Visual Studio Solution File, Format Version 11.00
# Visual Studio 2008

Project("{7D8D1576-F7D9-C768-0139-10D2FDF96A52}") = "Final-01", "Assembly-CSharp-firstpass.csproj", "{8C03B123-2BDD-7453-D46A-8563842190B7}"
EndProject
Project("{7D8D1576-F7D9-C768-0139-10D2FDF96A52}") = "Final-01", "Assembly-CSharp.csproj", "{4934E936-EBFC-986B-D5E2-C975CE86A9EF}"
EndProject
Project("{7D8D1576-F7D9-C768-0139-10D2FDF96A52}") = "Final-01", "Assembly-CSharp-Editor.csproj", "{87F8E041-CEA4-CF35-DE97-0762C2AE1454}"
EndProject
Global
	GlobalSection(SolutionConfigurationPlatforms) = preSolution
		Debug|Any CPU = Debug|Any CPU
		Release|Any CPU = Release|Any CPU
	EndGlobalSection
	GlobalSection(ProjectConfigurationPlatforms) = postSolution
		{8C03B123-2BDD-7453-D46A-8563842190B7}.Debug|Any CPU.ActiveCfg = Debug|Any CPU
		{8C03B123-2BDD-7453-D46A-8563842190B7}.Debug|Any CPU.Build.0 = Debug|Any CPU
		{8C03B123-2BDD-7453-D46A-8563842190B7}.Release|Any CPU.ActiveCfg = Release|Any CPU
		{8C03B123-2BDD-7453-D46A-8563842190B7}.Release|Any CPU.Build.0 = Release|Any CPU
		{4934E936-EBFC-986B-D5E2-C975CE86A9EF}.Debug|Any CPU.ActiveCfg = Debug|Any CPU
		{4934E936-EBFC-986B-D5E2-C975CE86A9EF}.Debug|Any CPU.Build.0 = Debug|Any CPU
		{4934E936-EBFC-986B-D5E2-C975CE86A9EF}.Release|Any CPU.ActiveCfg = Release|Any CPU
		{4934E936-EBFC-986B-D5E2-C975CE86A9EF}.Release|Any CPU.Build.0 = Release|Any CPU
		{87F8E041-CEA4-CF35-DE97-0762C2AE1454}.Debug|Any CPU.ActiveCfg = Debug|Any CPU
		{87F8E041-CEA4-CF35-DE97-0762C2AE1454}.Debug|Any CPU.Build.0 = Debug|Any CPU
		{87F8E041-CEA4-CF35-DE97-0762C2AE1454}.Release|Any CPU.ActiveCfg = Release|Any CPU
		{87F8E041-CEA4-CF35-DE97-0762C2AE1454}.Release|Any CPU.Build.0 = Release|Any CPU
	EndGlobalSection
	GlobalSection(SolutionProperties) = preSolution
		HideSolutionNode = FALSE
	EndGlobalSection
	GlobalSection(MonoDevelopProperties) = preSolution
		StartupItem = Assembly-CSharp.csproj
	EndGlobalSection
EndGlobal
